
Microsoft Visual Studio Solution File, Format Version 11.00
# Visual Studio 2010
Project("{FAE04EC0-301F-11D3-BF4B-00C04F79EFBC}") = "Burst-The Escape Room", "Assembly-CSharp.csproj", "{8CD5BC93-AEDD-4054-3F50-AD607FDB881F}"
EndProject
Project("{FAE04EC0-301F-11D3-BF4B-00C04F79EFBC}") = "Burst-The Escape Room", "Assembly-CSharp-firstpass.csproj", "{876F5E53-B1B0-5ADD-27A1-09688E286ED0}"
EndProject
Project("{FAE04EC0-301F-11D3-BF4B-00C04F79EFBC}") = "Burst-The Escape Room", "Assembly-CSharp-Editor-firstpass.csproj", "{FEF53DF2-EE68-B2E1-0369-7B4EB1A33352}"
EndProject
Project("{FAE04EC0-301F-11D3-BF4B-00C04F79EFBC}") = "Burst-The Escape Room", "Assembly-CSharp-Editor.csproj", "{D0BE5E36-D468-F7FF-0218-66E5C85AF02D}"
EndProject
Global
	GlobalSection(SolutionConfigurationPlatforms) = preSolution
		Debug|Any CPU = Debug|Any CPU
		Release|Any CPU = Release|Any CPU
	EndGlobalSection
	GlobalSection(ProjectConfigurationPlatforms) = postSolution
		{8CD5BC93-AEDD-4054-3F50-AD607FDB881F}.Debug|Any CPU.ActiveCfg = Debug|Any CPU
		{8CD5BC93-AEDD-4054-3F50-AD607FDB881F}.Debug|Any CPU.Build.0 = Debug|Any CPU
		{8CD5BC93-AEDD-4054-3F50-AD607FDB881F}.Release|Any CPU.ActiveCfg = Release|Any CPU
		{8CD5BC93-AEDD-4054-3F50-AD607FDB881F}.Release|Any CPU.Build.0 = Release|Any CPU
		{876F5E53-B1B0-5ADD-27A1-09688E286ED0}.Debug|Any CPU.ActiveCfg = Debug|Any CPU
		{876F5E53-B1B0-5ADD-27A1-09688E286ED0}.Debug|Any CPU.Build.0 = Debug|Any CPU
		{876F5E53-B1B0-5ADD-27A1-09688E286ED0}.Release|Any CPU.ActiveCfg = Release|Any CPU
		{876F5E53-B1B0-5ADD-27A1-09688E286ED0}.Release|Any CPU.Build.0 = Release|Any CPU
		{FEF53DF2-EE68-B2E1-0369-7B4EB1A33352}.Debug|Any CPU.ActiveCfg = Debug|Any CPU
		{FEF53DF2-EE68-B2E1-0369-7B4EB1A33352}.Debug|Any CPU.Build.0 = Debug|Any CPU
		{FEF53DF2-EE68-B2E1-0369-7B4EB1A33352}.Release|Any CPU.ActiveCfg = Release|Any CPU
		{FEF53DF2-EE68-B2E1-0369-7B4EB1A33352}.Release|Any CPU.Build.0 = Release|Any CPU
		{D0BE5E36-D468-F7FF-0218-66E5C85AF02D}.Debug|Any CPU.ActiveCfg = Debug|Any CPU
		{D0BE5E36-D468-F7FF-0218-66E5C85AF02D}.Debug|Any CPU.Build.0 = Debug|Any CPU
		{D0BE5E36-D468-F7FF-0218-66E5C85AF02D}.Release|Any CPU.ActiveCfg = Release|Any CPU
		{D0BE5E36-D468-F7FF-0218-66E5C85AF02D}.Release|Any CPU.Build.0 = Release|Any CPU
	EndGlobalSection
	GlobalSection(SolutionProperties) = preSolution
		HideSolutionNode = FALSE
	EndGlobalSection
	GlobalSection(MonoDevelopProperties) = preSolution
		StartupItem = Assembly-CSharp.csproj
	EndGlobalSection
EndGlobal
